
Microsoft Visual Studio Solution File, Format Version 12.00
# Visual Studio Version 18
VisualStudioVersion = 18.4.11626.88 stable
MinimumVisualStudioVersion = 10.0.40219.1
Project("{FAE04EC0-301F-11D3-BF4B-00C04F79EFBC}") = "Hades-Map-Editor", "Hades-Map-Editor.csproj", "{8C01766B-0817-45C2-BDD5-4B0BD28315FE}"
EndProject
Global
	GlobalSection(SolutionConfigurationPlatforms) = preSolution
		Debug|Any CPU = Debug|Any CPU
		Debug|ARM64 = Debug|ARM64
		Release|Any CPU = Release|Any CPU
		Release|ARM64 = Release|ARM64
	EndGlobalSection
	GlobalSection(ProjectConfigurationPlatforms) = postSolution
		{8C01766B-0817-45C2-BDD5-4B0BD28315FE}.Debug|Any CPU.ActiveCfg = Debug|Any CPU
		{8C01766B-0817-45C2-BDD5-4B0BD28315FE}.Debug|Any CPU.Build.0 = Debug|Any CPU
		{8C01766B-0817-45C2-BDD5-4B0BD28315FE}.Debug|ARM64.ActiveCfg = Debug|ARM64
		{8C01766B-0817-45C2-BDD5-4B0BD28315FE}.Debug|ARM64.Build.0 = Debug|ARM64
		{8C01766B-0817-45C2-BDD5-4B0BD28315FE}.Release|Any CPU.ActiveCfg = Release|Any CPU
		{8C01766B-0817-45C2-BDD5-4B0BD28315FE}.Release|Any CPU.Build.0 = Release|Any CPU
		{8C01766B-0817-45C2-BDD5-4B0BD28315FE}.Release|ARM64.ActiveCfg = Release|ARM64
		{8C01766B-0817-45C2-BDD5-4B0BD28315FE}.Release|ARM64.Build.0 = Release|ARM64
	EndGlobalSection
	GlobalSection(SolutionProperties) = preSolution
		HideSolutionNode = FALSE
	EndGlobalSection
	GlobalSection(ExtensibilityGlobals) = postSolution
		SolutionGuid = {9D445360-0126-41D0-BC82-F86B778FB7C2}
	EndGlobalSection
EndGlobal
